
Microsoft Visual Studio Solution File, Format Version 12.00
# Visual Studio Version 17
VisualStudioVersion = 17.9.34622.214
MinimumVisualStudioVersion = 10.0.40219.1
Project("{2150E333-8FDC-42A3-9474-1A3956D46DE8}") = "Taka.App.AuthenticationService", "Taka.App.AuthenticationService", "{11B28CA2-DB6B-4F59-B498-7F12F6494017}"
EndProject
Project("{2150E333-8FDC-42A3-9474-1A3956D46DE8}") = "Taka.App.MotorService", "Taka.App.MotorService", "{3A1A145C-6FD9-4595-B25A-31E35FD8E460}"
EndProject
Project("{2150E333-8FDC-42A3-9474-1A3956D46DE8}") = "Taka.App.RentalService", "Taka.App.RentalService", "{025E337E-CD8E-4FFF-A4E1-E3BD07F489D1}"
EndProject
Project("{2150E333-8FDC-42A3-9474-1A3956D46DE8}") = "Taka.App.DelivererService", "Taka.App.DelivererService", "{C8DB1640-213B-46F9-80C8-76942426CBCF}"
EndProject
Project("{2150E333-8FDC-42A3-9474-1A3956D46DE8}") = "1-Presentation", "1-Presentation", "{21F018D4-75D3-456E-9D37-5D78A4C805AF}"
EndProject
Project("{2150E333-8FDC-42A3-9474-1A3956D46DE8}") = "2-Domain", "2-Domain", "{89ACABE6-6B4F-4566-B3E2-7EE063ECA6EE}"
EndProject
Project("{2150E333-8FDC-42A3-9474-1A3956D46DE8}") = "3-Application", "3-Application", "{1EFA5423-F488-45FB-BBDC-371E76727CA6}"
EndProject
Project("{2150E333-8FDC-42A3-9474-1A3956D46DE8}") = "4-Infra", "4-Infra", "{7B08C6F9-D455-4999-88EC-158D136C106E}"
EndProject
Project("{2150E333-8FDC-42A3-9474-1A3956D46DE8}") = "5-Crosscutting", "5-Crosscutting", "{CB2F5712-9C4B-48F9-ADE6-518724CC1A9C}"
EndProject
Project("{9A19103F-16F7-4668-BE54-9A1E7A4F7556}") = "Taka.App.Authentication.Api", "Taka.App.Authentication.Api\Taka.App.Authentication.Api.csproj", "{E0691DDD-0011-4E0C-8680-437155FADBA5}"
EndProject
Project("{9A19103F-16F7-4668-BE54-9A1E7A4F7556}") = "Taka.App.Authentication.Domain", "Taka.App.Authentication.Domain\Taka.App.Authentication.Domain.csproj", "{0E801F7B-5D67-4034-8357-9D12C9785BA9}"
EndProject
Project("{9A19103F-16F7-4668-BE54-9A1E7A4F7556}") = "Taka.App.Authentication.Application", "Taka.App.Authentication.Aplication\Taka.App.Authentication.Application.csproj", "{50A987AE-3C5A-4261-8F03-B7D5D0C52790}"
EndProject
Project("{2150E333-8FDC-42A3-9474-1A3956D46DE8}") = "Data", "Data", "{5E2B7F50-2391-4BEB-83FA-E2251523C21F}"
EndProject
Project("{9A19103F-16F7-4668-BE54-9A1E7A4F7556}") = "Taka.App.Authentication.Infra.Data", "Taka.App.Authentication.Infra.Data\Taka.App.Authentication.Infra.Data.csproj", "{E9846B6A-0E3C-4DCA-9A0C-617F0D065EF7}"
EndProject
Project("{2150E333-8FDC-42A3-9474-1A3956D46DE8}") = "1-Presentation", "1-Presentation", "{4D2D3ADF-9B4B-468D-ACC1-C5345AD7F133}"
EndProject
Project("{2150E333-8FDC-42A3-9474-1A3956D46DE8}") = "2-Domain", "2-Domain", "{C2F460B0-113F-474E-AEDF-9AD69C38BA13}"
EndProject
Project("{2150E333-8FDC-42A3-9474-1A3956D46DE8}") = "3-Application", "3-Application", "{D303DA6D-3C9B-4A02-84DA-EC02E7F2D752}"
EndProject
Project("{2150E333-8FDC-42A3-9474-1A3956D46DE8}") = "4-Infra", "4-Infra", "{0C8EA0DE-1B86-4BED-980E-0F5CA25982DE}"
EndProject
Project("{2150E333-8FDC-42A3-9474-1A3956D46DE8}") = "5-Crosscutting", "5-Crosscutting", "{405856F3-BB3E-4A58-8FD7-AD3E999AA72B}"
EndProject
Project("{9A19103F-16F7-4668-BE54-9A1E7A4F7556}") = "Taka.App.Motor.Api", "Taka.App.MotorCycle.Api\Taka.App.Motor.Api.csproj", "{3BE234B4-E666-470E-B9F3-9B77CC0FE59B}"
EndProject
Project("{9A19103F-16F7-4668-BE54-9A1E7A4F7556}") = "Taka.App.Motor.Domain", "Taka.App.Motorcycle.Domain\Taka.App.Motor.Domain.csproj", "{701A0267-51BB-4220-8E2E-C1FC6C9D6768}"
EndProject
Project("{9A19103F-16F7-4668-BE54-9A1E7A4F7556}") = "Taka.App.Motor.Application", "Taka.App.Motor.Application\Taka.App.Motor.Application.csproj", "{8B606078-5D98-4514-8511-ED2568722231}"
EndProject
Project("{2150E333-8FDC-42A3-9474-1A3956D46DE8}") = "Data", "Data", "{5BC8DFFD-3E7A-4BE8-B44E-307318F119FD}"
EndProject
Project("{9A19103F-16F7-4668-BE54-9A1E7A4F7556}") = "Taka.App.Motor.Infra.Data", "Taka.App.Motor.Infra.Data\Taka.App.Motor.Infra.Data.csproj", "{B5ABB8F7-1B23-4C8E-8C7F-4525E21DA2C4}"
EndProject
Project("{2150E333-8FDC-42A3-9474-1A3956D46DE8}") = "6-Tests", "6-Tests", "{360EE372-3E04-4F27-929F-0D1BF7B76DE4}"
EndProject
Project("{2150E333-8FDC-42A3-9474-1A3956D46DE8}") = "1-Presentation", "1-Presentation", "{A200EA59-6294-4BF6-ADDC-53EC359D2788}"
EndProject
Project("{2150E333-8FDC-42A3-9474-1A3956D46DE8}") = "2-Domain", "2-Domain", "{F1005573-E60A-4AFF-A0C7-F05E71B2BF0E}"
EndProject
Project("{2150E333-8FDC-42A3-9474-1A3956D46DE8}") = "3-Application", "3-Application", "{8BC3F3D1-968F-4F70-8AD9-48F683504782}"
EndProject
Project("{2150E333-8FDC-42A3-9474-1A3956D46DE8}") = "4-Infra", "4-Infra", "{441E31EA-3A37-4BB0-ABA0-33808C046159}"
EndProject
Project("{2150E333-8FDC-42A3-9474-1A3956D46DE8}") = "5-Crosscutting", "5-Crosscutting", "{86BA303E-F7B1-4A4C-9639-83DCF7C5C4D8}"
EndProject
Project("{9A19103F-16F7-4668-BE54-9A1E7A4F7556}") = "Taka.App.Deliverer.Api", "Taka.App.DeliveryPerson.Api\Taka.App.Deliverer.Api.csproj", "{A6539460-4F95-45B3-9BAE-F50ED18564C8}"
EndProject
Project("{2150E333-8FDC-42A3-9474-1A3956D46DE8}") = "Taka.Common", "Taka.Common", "{9CE0C475-6506-4AB1-917D-20B2A79F5231}"
EndProject
Project("{9A19103F-16F7-4668-BE54-9A1E7A4F7556}") = "Taka.Common", "Taka.Common\Taka.Common.csproj", "{C7801ECA-1EB5-4EB7-A871-2DBB46B5D9D0}"
EndProject
Project("{9A19103F-16F7-4668-BE54-9A1E7A4F7556}") = "Taka.App.Deliverer.Domain", "Taka.App.Deliverer.Domain\Taka.App.Deliverer.Domain.csproj", "{F3E82C13-4A0E-47AE-8F5B-30F1F57B07CD}"
EndProject
Project("{2150E333-8FDC-42A3-9474-1A3956D46DE8}") = "Data", "Data", "{6500C946-C36A-4055-BF09-E2279A340642}"
EndProject
Project("{9A19103F-16F7-4668-BE54-9A1E7A4F7556}") = "Taka.App.Deliverer.Infra.Data", "Taka.App.Deliverer.Infra.Data\Taka.App.Deliverer.Infra.Data.csproj", "{87B6FAED-3ECE-40E9-A1A9-86762D2D90F9}"
EndProject
Project("{9A19103F-16F7-4668-BE54-9A1E7A4F7556}") = "Taka.App.Deliverer.Application", "Taka.App.Deliverer.Application\Taka.App.Deliverer.Application.csproj", "{808D04FE-8AAF-4531-A124-B3CD2858BD73}"
EndProject
Project("{2150E333-8FDC-42A3-9474-1A3956D46DE8}") = "1-Presentation", "1-Presentation", "{57770036-7653-4818-8B6C-69BDB84FF2E1}"
EndProject
Project("{2150E333-8FDC-42A3-9474-1A3956D46DE8}") = "2-Domain", "2-Domain", "{72F73AA5-AE27-4C5E-9402-BA852778B1E3}"
EndProject
Project("{2150E333-8FDC-42A3-9474-1A3956D46DE8}") = "3-Application", "3-Application", "{6CFCE2B7-E571-44F2-B1B3-695119557504}"
EndProject
Project("{2150E333-8FDC-42A3-9474-1A3956D46DE8}") = "4-Infra", "4-Infra", "{1E1533A1-4810-4788-AD3E-BBE078F4C7B3}"
EndProject
Project("{2150E333-8FDC-42A3-9474-1A3956D46DE8}") = "5-Crosscutting", "5-Crosscutting", "{9B8EFE3F-19E6-425D-856C-65AA14F00291}"
EndProject
Project("{9A19103F-16F7-4668-BE54-9A1E7A4F7556}") = "Taka.App.Rentals.Api", "Taka.App.Rentals.Api\Taka.App.Rentals.Api.csproj", "{F7CFED96-D99A-4020-BD4A-3C3A0F4276AE}"
EndProject
Project("{9A19103F-16F7-4668-BE54-9A1E7A4F7556}") = "Taka.App.Rentals.Domain", "Taka.Api.Rentals.Domain\Taka.App.Rentals.Domain.csproj", "{8890EC47-DB48-4A63-8C94-2416EF1324D4}"
EndProject
Project("{9A19103F-16F7-4668-BE54-9A1E7A4F7556}") = "Taka.App.Rentals.Application", "Taka.App.Rentals.Application\Taka.App.Rentals.Application.csproj", "{4A79E2A2-BC3E-4038-9480-E09977C3CA5F}"
EndProject
Project("{2150E333-8FDC-42A3-9474-1A3956D46DE8}") = "Data", "Data", "{8CA772B2-031F-4F4E-81F3-576AFB7017ED}"
EndProject
Project("{9A19103F-16F7-4668-BE54-9A1E7A4F7556}") = "Taka.App.Rentals.Infra.Data", "Taka.App.Rentals.Infra.Data\Taka.App.Rentals.Infra.Data.csproj", "{03630BA2-7066-4AB7-B8FF-8A275C2E40CD}"
EndProject
Project("{9A19103F-16F7-4668-BE54-9A1E7A4F7556}") = "Taka.App.Authentication.Tests", "Taka.App.Tests\Taka.App.Authentication.Tests.csproj", "{0BB15D80-D673-412F-A9A2-CF2FB85A3C0E}"
EndProject
Project("{2150E333-8FDC-42A3-9474-1A3956D46DE8}") = "Services", "Services", "{A953533C-64F3-4EA3-B365-D42BB84648C2}"
EndProject
Project("{9A19103F-16F7-4668-BE54-9A1E7A4F7556}") = "Taka.App.Authentication.Infra.Services", "Taka.App.Authentication.Infra.Services\Taka.App.Authentication.Infra.Services.csproj", "{707488E0-3F70-4BD7-8B65-6245FE00F921}"
EndProject
Project("{2150E333-8FDC-42A3-9474-1A3956D46DE8}") = "Providers", "Providers", "{30A74FE7-3BB0-473A-AD6A-832FEC93303E}"
EndProject
Project("{9A19103F-16F7-4668-BE54-9A1E7A4F7556}") = "Taka.App.Rentals.Infra.Providers", "Taka.App.Rentals.Infra.Providers\Taka.App.Rentals.Infra.Providers.csproj", "{B0B3C9B6-E873-42B0-BC90-BEC92B8A6F88}"
EndProject
Project("{2150E333-8FDC-42A3-9474-1A3956D46DE8}") = "6-Tests", "6-Tests", "{870701A4-2133-459C-A389-ECC0190887D4}"
EndProject
Project("{9A19103F-16F7-4668-BE54-9A1E7A4F7556}") = "Taka.App.Deliverer.Tests", "Taka.App.Deliverer.Tests\Taka.App.Deliverer.Tests.csproj", "{E2B6382A-DDB2-4470-9FC5-D0C889292975}"
EndProject
Project("{2150E333-8FDC-42A3-9474-1A3956D46DE8}") = "6-Tests", "6-Tests", "{F4A894F1-8EDC-4628-A024-D5B16A119BFF}"
EndProject
Project("{2150E333-8FDC-42A3-9474-1A3956D46DE8}") = "6-Tests", "6-Tests", "{29F3E9D0-CB27-4E45-BB44-5403D33A55BF}"
EndProject
Project("{9A19103F-16F7-4668-BE54-9A1E7A4F7556}") = "Taka.App.Motor.Tests", "Taka.App.Motor.Tests\Taka.App.Motor.Tests.csproj", "{A212F75F-D582-4F2C-9972-6816D7071BEB}"
EndProject
Project("{9A19103F-16F7-4668-BE54-9A1E7A4F7556}") = "Taka.App.Rentals.Tests", "Taka.App.Rentals.Tests\Taka.App.Rentals.Tests.csproj", "{B8F1BA56-EED7-494B-8AAB-3A0C793065A0}"
EndProject
Project("{2150E333-8FDC-42A3-9474-1A3956D46DE8}") = "Security", "Security", "{61202FB2-526E-4661-9D6B-BB01E06A3E95}"
EndProject
Project("{9A19103F-16F7-4668-BE54-9A1E7A4F7556}") = "Taka.App.Motor.Infra.Security", "Taka.App.Motor.Infra.Security\Taka.App.Motor.Infra.Security.csproj", "{0DC007E5-A737-48B4-843B-71A526FF3459}"
EndProject
Global
	GlobalSection(SolutionConfigurationPlatforms) = preSolution
		Debug|Any CPU = Debug|Any CPU
		Release|Any CPU = Release|Any CPU
	EndGlobalSection
	GlobalSection(ProjectConfigurationPlatforms) = postSolution
		{E0691DDD-0011-4E0C-8680-437155FADBA5}.Debug|Any CPU.ActiveCfg = Debug|Any CPU
		{E0691DDD-0011-4E0C-8680-437155FADBA5}.Debug|Any CPU.Build.0 = Debug|Any CPU
		{E0691DDD-0011-4E0C-8680-437155FADBA5}.Release|Any CPU.ActiveCfg = Release|Any CPU
		{E0691DDD-0011-4E0C-8680-437155FADBA5}.Release|Any CPU.Build.0 = Release|Any CPU
		{0E801F7B-5D67-4034-8357-9D12C9785BA9}.Debug|Any CPU.ActiveCfg = Debug|Any CPU
		{0E801F7B-5D67-4034-8357-9D12C9785BA9}.Debug|Any CPU.Build.0 = Debug|Any CPU
		{0E801F7B-5D67-4034-8357-9D12C9785BA9}.Release|Any CPU.ActiveCfg = Release|Any CPU
		{0E801F7B-5D67-4034-8357-9D12C9785BA9}.Release|Any CPU.Build.0 = Release|Any CPU
		{50A987AE-3C5A-4261-8F03-B7D5D0C52790}.Debug|Any CPU.ActiveCfg = Debug|Any CPU
		{50A987AE-3C5A-4261-8F03-B7D5D0C52790}.Debug|Any CPU.Build.0 = Debug|Any CPU
		{50A987AE-3C5A-4261-8F03-B7D5D0C52790}.Release|Any CPU.ActiveCfg = Release|Any CPU
		{50A987AE-3C5A-4261-8F03-B7D5D0C52790}.Release|Any CPU.Build.0 = Release|Any CPU
		{E9846B6A-0E3C-4DCA-9A0C-617F0D065EF7}.Debug|Any CPU.ActiveCfg = Debug|Any CPU
		{E9846B6A-0E3C-4DCA-9A0C-617F0D065EF7}.Debug|Any CPU.Build.0 = Debug|Any CPU
		{E9846B6A-0E3C-4DCA-9A0C-617F0D065EF7}.Release|Any CPU.ActiveCfg = Release|Any CPU
		{E9846B6A-0E3C-4DCA-9A0C-617F0D065EF7}.Release|Any CPU.Build.0 = Release|Any CPU
		{3BE234B4-E666-470E-B9F3-9B77CC0FE59B}.Debug|Any CPU.ActiveCfg = Debug|Any CPU
		{3BE234B4-E666-470E-B9F3-9B77CC0FE59B}.Debug|Any CPU.Build.0 = Debug|Any CPU
		{3BE234B4-E666-470E-B9F3-9B77CC0FE59B}.Release|Any CPU.ActiveCfg = Release|Any CPU
		{3BE234B4-E666-470E-B9F3-9B77CC0FE59B}.Release|Any CPU.Build.0 = Release|Any CPU
		{701A0267-51BB-4220-8E2E-C1FC6C9D6768}.Debug|Any CPU.ActiveCfg = Debug|Any CPU
		{701A0267-51BB-4220-8E2E-C1FC6C9D6768}.Debug|Any CPU.Build.0 = Debug|Any CPU
		{701A0267-51BB-4220-8E2E-C1FC6C9D6768}.Release|Any CPU.ActiveCfg = Release|Any CPU
		{701A0267-51BB-4220-8E2E-C1FC6C9D6768}.Release|Any CPU.Build.0 = Release|Any CPU
		{8B606078-5D98-4514-8511-ED2568722231}.Debug|Any CPU.ActiveCfg = Debug|Any CPU
		{8B606078-5D98-4514-8511-ED2568722231}.Debug|Any CPU.Build.0 = Debug|Any CPU
		{8B606078-5D98-4514-8511-ED2568722231}.Release|Any CPU.ActiveCfg = Release|Any CPU
		{8B606078-5D98-4514-8511-ED2568722231}.Release|Any CPU.Build.0 = Release|Any CPU
		{B5ABB8F7-1B23-4C8E-8C7F-4525E21DA2C4}.Debug|Any CPU.ActiveCfg = Debug|Any CPU
		{B5ABB8F7-1B23-4C8E-8C7F-4525E21DA2C4}.Debug|Any CPU.Build.0 = Debug|Any CPU
		{B5ABB8F7-1B23-4C8E-8C7F-4525E21DA2C4}.Release|Any CPU.ActiveCfg = Release|Any CPU
		{B5ABB8F7-1B23-4C8E-8C7F-4525E21DA2C4}.Release|Any CPU.Build.0 = Release|Any CPU
		{A6539460-4F95-45B3-9BAE-F50ED18564C8}.Debug|Any CPU.ActiveCfg = Debug|Any CPU
		{A6539460-4F95-45B3-9BAE-F50ED18564C8}.Debug|Any CPU.Build.0 = Debug|Any CPU
		{A6539460-4F95-45B3-9BAE-F50ED18564C8}.Release|Any CPU.ActiveCfg = Release|Any CPU
		{A6539460-4F95-45B3-9BAE-F50ED18564C8}.Release|Any CPU.Build.0 = Release|Any CPU
		{C7801ECA-1EB5-4EB7-A871-2DBB46B5D9D0}.Debug|Any CPU.ActiveCfg = Debug|Any CPU
		{C7801ECA-1EB5-4EB7-A871-2DBB46B5D9D0}.Debug|Any CPU.Build.0 = Debug|Any CPU
		{C7801ECA-1EB5-4EB7-A871-2DBB46B5D9D0}.Release|Any CPU.ActiveCfg = Release|Any CPU
		{C7801ECA-1EB5-4EB7-A871-2DBB46B5D9D0}.Release|Any CPU.Build.0 = Release|Any CPU
		{F3E82C13-4A0E-47AE-8F5B-30F1F57B07CD}.Debug|Any CPU.ActiveCfg = Debug|Any CPU
		{F3E82C13-4A0E-47AE-8F5B-30F1F57B07CD}.Debug|Any CPU.Build.0 = Debug|Any CPU
		{F3E82C13-4A0E-47AE-8F5B-30F1F57B07CD}.Release|Any CPU.ActiveCfg = Release|Any CPU
		{F3E82C13-4A0E-47AE-8F5B-30F1F57B07CD}.Release|Any CPU.Build.0 = Release|Any CPU
		{87B6FAED-3ECE-40E9-A1A9-86762D2D90F9}.Debug|Any CPU.ActiveCfg = Debug|Any CPU
		{87B6FAED-3ECE-40E9-A1A9-86762D2D90F9}.Debug|Any CPU.Build.0 = Debug|Any CPU
		{87B6FAED-3ECE-40E9-A1A9-86762D2D90F9}.Release|Any CPU.ActiveCfg = Release|Any CPU
		{87B6FAED-3ECE-40E9-A1A9-86762D2D90F9}.Release|Any CPU.Build.0 = Release|Any CPU
		{808D04FE-8AAF-4531-A124-B3CD2858BD73}.Debug|Any CPU.ActiveCfg = Debug|Any CPU
		{808D04FE-8AAF-4531-A124-B3CD2858BD73}.Debug|Any CPU.Build.0 = Debug|Any CPU
		{808D04FE-8AAF-4531-A124-B3CD2858BD73}.Release|Any CPU.ActiveCfg = Release|Any CPU
		{808D04FE-8AAF-4531-A124-B3CD2858BD73}.Release|Any CPU.Build.0 = Release|Any CPU
		{F7CFED96-D99A-4020-BD4A-3C3A0F4276AE}.Debug|Any CPU.ActiveCfg = Debug|Any CPU
		{F7CFED96-D99A-4020-BD4A-3C3A0F4276AE}.Debug|Any CPU.Build.0 = Debug|Any CPU
		{F7CFED96-D99A-4020-BD4A-3C3A0F4276AE}.Release|Any CPU.ActiveCfg = Release|Any CPU
		{F7CFED96-D99A-4020-BD4A-3C3A0F4276AE}.Release|Any CPU.Build.0 = Release|Any CPU
		{8890EC47-DB48-4A63-8C94-2416EF1324D4}.Debug|Any CPU.ActiveCfg = Debug|Any CPU
		{8890EC47-DB48-4A63-8C94-2416EF1324D4}.Debug|Any CPU.Build.0 = Debug|Any CPU
		{8890EC47-DB48-4A63-8C94-2416EF1324D4}.Release|Any CPU.ActiveCfg = Release|Any CPU
		{8890EC47-DB48-4A63-8C94-2416EF1324D4}.Release|Any CPU.Build.0 = Release|Any CPU
		{4A79E2A2-BC3E-4038-9480-E09977C3CA5F}.Debug|Any CPU.ActiveCfg = Debug|Any CPU
		{4A79E2A2-BC3E-4038-9480-E09977C3CA5F}.Debug|Any CPU.Build.0 = Debug|Any CPU
		{4A79E2A2-BC3E-4038-9480-E09977C3CA5F}.Release|Any CPU.ActiveCfg = Release|Any CPU
		{4A79E2A2-BC3E-4038-9480-E09977C3CA5F}.Release|Any CPU.Build.0 = Release|Any CPU
		{03630BA2-7066-4AB7-B8FF-8A275C2E40CD}.Debug|Any CPU.ActiveCfg = Debug|Any CPU
		{03630BA2-7066-4AB7-B8FF-8A275C2E40CD}.Debug|Any CPU.Build.0 = Debug|Any CPU
		{03630BA2-7066-4AB7-B8FF-8A275C2E40CD}.Release|Any CPU.ActiveCfg = Release|Any CPU
		{03630BA2-7066-4AB7-B8FF-8A275C2E40CD}.Release|Any CPU.Build.0 = Release|Any CPU
		{0BB15D80-D673-412F-A9A2-CF2FB85A3C0E}.Debug|Any CPU.ActiveCfg = Debug|Any CPU
		{0BB15D80-D673-412F-A9A2-CF2FB85A3C0E}.Debug|Any CPU.Build.0 = Debug|Any CPU
		{0BB15D80-D673-412F-A9A2-CF2FB85A3C0E}.Release|Any CPU.ActiveCfg = Release|Any CPU
		{0BB15D80-D673-412F-A9A2-CF2FB85A3C0E}.Release|Any CPU.Build.0 = Release|Any CPU
		{707488E0-3F70-4BD7-8B65-6245FE00F921}.Debug|Any CPU.ActiveCfg = Debug|Any CPU
		{707488E0-3F70-4BD7-8B65-6245FE00F921}.Debug|Any CPU.Build.0 = Debug|Any CPU
		{707488E0-3F70-4BD7-8B65-6245FE00F921}.Release|Any CPU.ActiveCfg = Release|Any CPU
		{707488E0-3F70-4BD7-8B65-6245FE00F921}.Release|Any CPU.Build.0 = Release|Any CPU
		{B0B3C9B6-E873-42B0-BC90-BEC92B8A6F88}.Debug|Any CPU.ActiveCfg = Debug|Any CPU
		{B0B3C9B6-E873-42B0-BC90-BEC92B8A6F88}.Debug|Any CPU.Build.0 = Debug|Any CPU
		{B0B3C9B6-E873-42B0-BC90-BEC92B8A6F88}.Release|Any CPU.ActiveCfg = Release|Any CPU
		{B0B3C9B6-E873-42B0-BC90-BEC92B8A6F88}.Release|Any CPU.Build.0 = Release|Any CPU
		{E2B6382A-DDB2-4470-9FC5-D0C889292975}.Debug|Any CPU.ActiveCfg = Debug|Any CPU
		{E2B6382A-DDB2-4470-9FC5-D0C889292975}.Debug|Any CPU.Build.0 = Debug|Any CPU
		{E2B6382A-DDB2-4470-9FC5-D0C889292975}.Release|Any CPU.ActiveCfg = Release|Any CPU
		{E2B6382A-DDB2-4470-9FC5-D0C889292975}.Release|Any CPU.Build.0 = Release|Any CPU
		{A212F75F-D582-4F2C-9972-6816D7071BEB}.Debug|Any CPU.ActiveCfg = Debug|Any CPU
		{A212F75F-D582-4F2C-9972-6816D7071BEB}.Debug|Any CPU.Build.0 = Debug|Any CPU
		{A212F75F-D582-4F2C-9972-6816D7071BEB}.Release|Any CPU.ActiveCfg = Release|Any CPU
		{A212F75F-D582-4F2C-9972-6816D7071BEB}.Release|Any CPU.Build.0 = Release|Any CPU
		{B8F1BA56-EED7-494B-8AAB-3A0C793065A0}.Debug|Any CPU.ActiveCfg = Debug|Any CPU
		{B8F1BA56-EED7-494B-8AAB-3A0C793065A0}.Debug|Any CPU.Build.0 = Debug|Any CPU
		{B8F1BA56-EED7-494B-8AAB-3A0C793065A0}.Release|Any CPU.ActiveCfg = Release|Any CPU
		{B8F1BA56-EED7-494B-8AAB-3A0C793065A0}.Release|Any CPU.Build.0 = Release|Any CPU
		{0DC007E5-A737-48B4-843B-71A526FF3459}.Debug|Any CPU.ActiveCfg = Debug|Any CPU
		{0DC007E5-A737-48B4-843B-71A526FF3459}.Debug|Any CPU.Build.0 = Debug|Any CPU
		{0DC007E5-A737-48B4-843B-71A526FF3459}.Release|Any CPU.ActiveCfg = Release|Any CPU
		{0DC007E5-A737-48B4-843B-71A526FF3459}.Release|Any CPU.Build.0 = Release|Any CPU
	EndGlobalSection
	GlobalSection(SolutionProperties) = preSolution
		HideSolutionNode = FALSE
	EndGlobalSection
	GlobalSection(NestedProjects) = preSolution
		{21F018D4-75D3-456E-9D37-5D78A4C805AF} = {11B28CA2-DB6B-4F59-B498-7F12F6494017}
		{89ACABE6-6B4F-4566-B3E2-7EE063ECA6EE} = {11B28CA2-DB6B-4F59-B498-7F12F6494017}
		{1EFA5423-F488-45FB-BBDC-371E76727CA6} = {11B28CA2-DB6B-4F59-B498-7F12F6494017}
		{7B08C6F9-D455-4999-88EC-158D136C106E} = {11B28CA2-DB6B-4F59-B498-7F12F6494017}
		{CB2F5712-9C4B-48F9-ADE6-518724CC1A9C} = {11B28CA2-DB6B-4F59-B498-7F12F6494017}
		{E0691DDD-0011-4E0C-8680-437155FADBA5} = {21F018D4-75D3-456E-9D37-5D78A4C805AF}
		{0E801F7B-5D67-4034-8357-9D12C9785BA9} = {89ACABE6-6B4F-4566-B3E2-7EE063ECA6EE}
		{50A987AE-3C5A-4261-8F03-B7D5D0C52790} = {1EFA5423-F488-45FB-BBDC-371E76727CA6}
		{5E2B7F50-2391-4BEB-83FA-E2251523C21F} = {7B08C6F9-D455-4999-88EC-158D136C106E}
		{E9846B6A-0E3C-4DCA-9A0C-617F0D065EF7} = {5E2B7F50-2391-4BEB-83FA-E2251523C21F}
		{4D2D3ADF-9B4B-468D-ACC1-C5345AD7F133} = {3A1A145C-6FD9-4595-B25A-31E35FD8E460}
		{C2F460B0-113F-474E-AEDF-9AD69C38BA13} = {3A1A145C-6FD9-4595-B25A-31E35FD8E460}
		{D303DA6D-3C9B-4A02-84DA-EC02E7F2D752} = {3A1A145C-6FD9-4595-B25A-31E35FD8E460}
		{0C8EA0DE-1B86-4BED-980E-0F5CA25982DE} = {3A1A145C-6FD9-4595-B25A-31E35FD8E460}
		{405856F3-BB3E-4A58-8FD7-AD3E999AA72B} = {3A1A145C-6FD9-4595-B25A-31E35FD8E460}
		{3BE234B4-E666-470E-B9F3-9B77CC0FE59B} = {4D2D3ADF-9B4B-468D-ACC1-C5345AD7F133}
		{701A0267-51BB-4220-8E2E-C1FC6C9D6768} = {C2F460B0-113F-474E-AEDF-9AD69C38BA13}
		{8B606078-5D98-4514-8511-ED2568722231} = {D303DA6D-3C9B-4A02-84DA-EC02E7F2D752}
		{5BC8DFFD-3E7A-4BE8-B44E-307318F119FD} = {0C8EA0DE-1B86-4BED-980E-0F5CA25982DE}
		{B5ABB8F7-1B23-4C8E-8C7F-4525E21DA2C4} = {5BC8DFFD-3E7A-4BE8-B44E-307318F119FD}
		{360EE372-3E04-4F27-929F-0D1BF7B76DE4} = {11B28CA2-DB6B-4F59-B498-7F12F6494017}
		{A200EA59-6294-4BF6-ADDC-53EC359D2788} = {C8DB1640-213B-46F9-80C8-76942426CBCF}
		{F1005573-E60A-4AFF-A0C7-F05E71B2BF0E} = {C8DB1640-213B-46F9-80C8-76942426CBCF}
		{8BC3F3D1-968F-4F70-8AD9-48F683504782} = {C8DB1640-213B-46F9-80C8-76942426CBCF}
		{441E31EA-3A37-4BB0-ABA0-33808C046159} = {C8DB1640-213B-46F9-80C8-76942426CBCF}
		{86BA303E-F7B1-4A4C-9639-83DCF7C5C4D8} = {C8DB1640-213B-46F9-80C8-76942426CBCF}
		{A6539460-4F95-45B3-9BAE-F50ED18564C8} = {A200EA59-6294-4BF6-ADDC-53EC359D2788}
		{C7801ECA-1EB5-4EB7-A871-2DBB46B5D9D0} = {9CE0C475-6506-4AB1-917D-20B2A79F5231}
		{F3E82C13-4A0E-47AE-8F5B-30F1F57B07CD} = {F1005573-E60A-4AFF-A0C7-F05E71B2BF0E}
		{6500C946-C36A-4055-BF09-E2279A340642} = {441E31EA-3A37-4BB0-ABA0-33808C046159}
		{87B6FAED-3ECE-40E9-A1A9-86762D2D90F9} = {6500C946-C36A-4055-BF09-E2279A340642}
		{808D04FE-8AAF-4531-A124-B3CD2858BD73} = {8BC3F3D1-968F-4F70-8AD9-48F683504782}
		{57770036-7653-4818-8B6C-69BDB84FF2E1} = {025E337E-CD8E-4FFF-A4E1-E3BD07F489D1}
		{72F73AA5-AE27-4C5E-9402-BA852778B1E3} = {025E337E-CD8E-4FFF-A4E1-E3BD07F489D1}
		{6CFCE2B7-E571-44F2-B1B3-695119557504} = {025E337E-CD8E-4FFF-A4E1-E3BD07F489D1}
		{1E1533A1-4810-4788-AD3E-BBE078F4C7B3} = {025E337E-CD8E-4FFF-A4E1-E3BD07F489D1}
		{9B8EFE3F-19E6-425D-856C-65AA14F00291} = {025E337E-CD8E-4FFF-A4E1-E3BD07F489D1}
		{F7CFED96-D99A-4020-BD4A-3C3A0F4276AE} = {57770036-7653-4818-8B6C-69BDB84FF2E1}
		{8890EC47-DB48-4A63-8C94-2416EF1324D4} = {72F73AA5-AE27-4C5E-9402-BA852778B1E3}
		{4A79E2A2-BC3E-4038-9480-E09977C3CA5F} = {6CFCE2B7-E571-44F2-B1B3-695119557504}
		{8CA772B2-031F-4F4E-81F3-576AFB7017ED} = {1E1533A1-4810-4788-AD3E-BBE078F4C7B3}
		{03630BA2-7066-4AB7-B8FF-8A275C2E40CD} = {8CA772B2-031F-4F4E-81F3-576AFB7017ED}
		{0BB15D80-D673-412F-A9A2-CF2FB85A3C0E} = {360EE372-3E04-4F27-929F-0D1BF7B76DE4}
		{A953533C-64F3-4EA3-B365-D42BB84648C2} = {7B08C6F9-D455-4999-88EC-158D136C106E}
		{707488E0-3F70-4BD7-8B65-6245FE00F921} = {A953533C-64F3-4EA3-B365-D42BB84648C2}
		{30A74FE7-3BB0-473A-AD6A-832FEC93303E} = {1E1533A1-4810-4788-AD3E-BBE078F4C7B3}
		{B0B3C9B6-E873-42B0-BC90-BEC92B8A6F88} = {30A74FE7-3BB0-473A-AD6A-832FEC93303E}
		{870701A4-2133-459C-A389-ECC0190887D4} = {C8DB1640-213B-46F9-80C8-76942426CBCF}
		{E2B6382A-DDB2-4470-9FC5-D0C889292975} = {870701A4-2133-459C-A389-ECC0190887D4}
		{F4A894F1-8EDC-4628-A024-D5B16A119BFF} = {3A1A145C-6FD9-4595-B25A-31E35FD8E460}
		{29F3E9D0-CB27-4E45-BB44-5403D33A55BF} = {025E337E-CD8E-4FFF-A4E1-E3BD07F489D1}
		{A212F75F-D582-4F2C-9972-6816D7071BEB} = {F4A894F1-8EDC-4628-A024-D5B16A119BFF}
		{B8F1BA56-EED7-494B-8AAB-3A0C793065A0} = {29F3E9D0-CB27-4E45-BB44-5403D33A55BF}
		{61202FB2-526E-4661-9D6B-BB01E06A3E95} = {0C8EA0DE-1B86-4BED-980E-0F5CA25982DE}
		{0DC007E5-A737-48B4-843B-71A526FF3459} = {61202FB2-526E-4661-9D6B-BB01E06A3E95}
	EndGlobalSection
	GlobalSection(ExtensibilityGlobals) = postSolution
		SolutionGuid = {F2DEE59C-473B-4B43-9844-C965344E4392}
	EndGlobalSection
EndGlobal
